
Microsoft Visual Studio Solution File, Format Version 12.00
# Visual Studio Version 16
VisualStudioVersion = 16.0.31613.86
MinimumVisualStudioVersion = 10.0.40219.1
Project("{9A19103F-16F7-4668-BE54-9A1E7A4F7556}") = "ConsoleApp1", "ConsoleApp1.csproj", "{B5711E39-AC88-4D87-9899-75921D0371E5}"
EndProject
Project("{9A19103F-16F7-4668-BE54-9A1E7A4F7556}") = "Part2. Task2", "..\Part2. Task2\Part2. Task2.csproj", "{E06FE61D-4F17-4CC1-826A-A24D60A284C5}"
EndProject
Project("{9A19103F-16F7-4668-BE54-9A1E7A4F7556}") = "Part2_task1", "..\Part2_task1\Part2_task1.csproj", "{73B6AF9B-2E45-4A91-8F11-3118D3D86770}"
EndProject
Project("{FAE04EC0-301F-11D3-BF4B-00C04F79EFBC}") = "Calculator", "..\Calculator\Calculator.csproj", "{3E6F429A-AA19-414A-8CF5-CBA541BE9049}"
EndProject
Project("{FAE04EC0-301F-11D3-BF4B-00C04F79EFBC}") = "Part1.Task2", "..\Part1.Task2\Part1.Task2.csproj", "{BC1CCB60-27E7-43FE-81F0-B751959A7EA8}"
EndProject
Global
	GlobalSection(SolutionConfigurationPlatforms) = preSolution
		Debug|Any CPU = Debug|Any CPU
		Release|Any CPU = Release|Any CPU
	EndGlobalSection
	GlobalSection(ProjectConfigurationPlatforms) = postSolution
		{B5711E39-AC88-4D87-9899-75921D0371E5}.Debug|Any CPU.ActiveCfg = Debug|Any CPU
		{B5711E39-AC88-4D87-9899-75921D0371E5}.Debug|Any CPU.Build.0 = Debug|Any CPU
		{B5711E39-AC88-4D87-9899-75921D0371E5}.Release|Any CPU.ActiveCfg = Release|Any CPU
		{B5711E39-AC88-4D87-9899-75921D0371E5}.Release|Any CPU.Build.0 = Release|Any CPU
		{E06FE61D-4F17-4CC1-826A-A24D60A284C5}.Debug|Any CPU.ActiveCfg = Debug|Any CPU
		{E06FE61D-4F17-4CC1-826A-A24D60A284C5}.Debug|Any CPU.Build.0 = Debug|Any CPU
		{E06FE61D-4F17-4CC1-826A-A24D60A284C5}.Release|Any CPU.ActiveCfg = Release|Any CPU
		{E06FE61D-4F17-4CC1-826A-A24D60A284C5}.Release|Any CPU.Build.0 = Release|Any CPU
		{73B6AF9B-2E45-4A91-8F11-3118D3D86770}.Debug|Any CPU.ActiveCfg = Debug|Any CPU
		{73B6AF9B-2E45-4A91-8F11-3118D3D86770}.Debug|Any CPU.Build.0 = Debug|Any CPU
		{73B6AF9B-2E45-4A91-8F11-3118D3D86770}.Release|Any CPU.ActiveCfg = Release|Any CPU
		{73B6AF9B-2E45-4A91-8F11-3118D3D86770}.Release|Any CPU.Build.0 = Release|Any CPU
		{3E6F429A-AA19-414A-8CF5-CBA541BE9049}.Debug|Any CPU.ActiveCfg = Debug|Any CPU
		{3E6F429A-AA19-414A-8CF5-CBA541BE9049}.Debug|Any CPU.Build.0 = Debug|Any CPU
		{3E6F429A-AA19-414A-8CF5-CBA541BE9049}.Release|Any CPU.ActiveCfg = Release|Any CPU
		{3E6F429A-AA19-414A-8CF5-CBA541BE9049}.Release|Any CPU.Build.0 = Release|Any CPU
		{BC1CCB60-27E7-43FE-81F0-B751959A7EA8}.Debug|Any CPU.ActiveCfg = Debug|Any CPU
		{BC1CCB60-27E7-43FE-81F0-B751959A7EA8}.Debug|Any CPU.Build.0 = Debug|Any CPU
		{BC1CCB60-27E7-43FE-81F0-B751959A7EA8}.Release|Any CPU.ActiveCfg = Release|Any CPU
		{BC1CCB60-27E7-43FE-81F0-B751959A7EA8}.Release|Any CPU.Build.0 = Release|Any CPU
	EndGlobalSection
	GlobalSection(SolutionProperties) = preSolution
		HideSolutionNode = FALSE
	EndGlobalSection
	GlobalSection(ExtensibilityGlobals) = postSolution
		SolutionGuid = {3161E189-5EF7-438A-99AE-66D62520CA78}
	EndGlobalSection
EndGlobal
